
Microsoft Visual Studio Solution File, Format Version 12.00
# Visual Studio Version 17
VisualStudioVersion = 17.1.32210.238
MinimumVisualStudioVersion = 10.0.40219.1
Project("{FAE04EC0-301F-11D3-BF4B-00C04F79EFBC}") = "HomeStore", "HomeStore\HomeStore.csproj", "{56BD14CD-34F7-4EF7-9AE9-E1B77ADF4933}"
EndProject
Project("{FAE04EC0-301F-11D3-BF4B-00C04F79EFBC}") = "HomeStore.Tests", "HomeStore.Tests\HomeStore.Tests.csproj", "{73C5EF12-9B77-47A5-A0FD-3D98465939E4}"
EndProject
Global
	GlobalSection(SolutionConfigurationPlatforms) = preSolution
		Debug|Any CPU = Debug|Any CPU
		Release|Any CPU = Release|Any CPU
	EndGlobalSection
	GlobalSection(ProjectConfigurationPlatforms) = postSolution
		{56BD14CD-34F7-4EF7-9AE9-E1B77ADF4933}.Debug|Any CPU.ActiveCfg = Debug|Any CPU
		{56BD14CD-34F7-4EF7-9AE9-E1B77ADF4933}.Debug|Any CPU.Build.0 = Debug|Any CPU
		{56BD14CD-34F7-4EF7-9AE9-E1B77ADF4933}.Release|Any CPU.ActiveCfg = Release|Any CPU
		{56BD14CD-34F7-4EF7-9AE9-E1B77ADF4933}.Release|Any CPU.Build.0 = Release|Any CPU
		{73C5EF12-9B77-47A5-A0FD-3D98465939E4}.Debug|Any CPU.ActiveCfg = Debug|Any CPU
		{73C5EF12-9B77-47A5-A0FD-3D98465939E4}.Debug|Any CPU.Build.0 = Debug|Any CPU
		{73C5EF12-9B77-47A5-A0FD-3D98465939E4}.Release|Any CPU.ActiveCfg = Release|Any CPU
		{73C5EF12-9B77-47A5-A0FD-3D98465939E4}.Release|Any CPU.Build.0 = Release|Any CPU
	EndGlobalSection
	GlobalSection(SolutionProperties) = preSolution
		HideSolutionNode = FALSE
	EndGlobalSection
	GlobalSection(ExtensibilityGlobals) = postSolution
		SolutionGuid = {FB9C504C-7ECC-41EE-8BA0-440DC90DB744}
	EndGlobalSection
EndGlobal
